
Microsoft Visual Studio Solution File, Format Version 11.00
# Visual Studio 2010
Project("{FAE04EC0-301F-11D3-BF4B-00C04F79EFBC}") = "VariableParameterTest", "VariableParameterTest\VariableParameterTest.csproj", "{02E110AF-5E31-405C-9373-E5DFEDF4B36C}"
EndProject
Global
	GlobalSection(SolutionConfigurationPlatforms) = preSolution
		Debug32|Any CPU = Debug32|Any CPU
		Debug64|Any CPU = Debug64|Any CPU
		Release|Any CPU = Release|Any CPU
	EndGlobalSection
	GlobalSection(ProjectConfigurationPlatforms) = postSolution
		{02E110AF-5E31-405C-9373-E5DFEDF4B36C}.Debug32|Any CPU.ActiveCfg = Debug32|Any CPU
		{02E110AF-5E31-405C-9373-E5DFEDF4B36C}.Debug32|Any CPU.Build.0 = Debug32|Any CPU
		{02E110AF-5E31-405C-9373-E5DFEDF4B36C}.Debug64|Any CPU.ActiveCfg = Debug64|Any CPU
		{02E110AF-5E31-405C-9373-E5DFEDF4B36C}.Debug64|Any CPU.Build.0 = Debug64|Any CPU
		{02E110AF-5E31-405C-9373-E5DFEDF4B36C}.Release|Any CPU.ActiveCfg = Release|Any CPU
		{02E110AF-5E31-405C-9373-E5DFEDF4B36C}.Release|Any CPU.Build.0 = Release|Any CPU
	EndGlobalSection
	GlobalSection(SolutionProperties) = preSolution
		HideSolutionNode = FALSE
	EndGlobalSection
EndGlobal
